
Microsoft Visual Studio Solution File, Format Version 12.00
# Visual Studio 15
VisualStudioVersion = 15.0.28307.271
MinimumVisualStudioVersion = 14.0.23107.0
Project("{9A19103F-16F7-4668-BE54-9A1E7A4F7556}") = "NEWorld.Windows", "NEWorld.Windows\NEWorld.Windows.csproj", "{CA6797EE-FF9D-4760-A989-CA4E437B3644}"
EndProject
Project("{9A19103F-16F7-4668-BE54-9A1E7A4F7556}") = "NEWorld", "NEWorld\NEWorld.csproj", "{C3436076-873E-4278-90BC-821000AA1EA8}"
EndProject
Project("{9A19103F-16F7-4668-BE54-9A1E7A4F7556}") = "NEWorld.Linux", "NEWorld.Linux\NEWorld.Linux.csproj", "{290FC8CD-1F58-43CB-882F-0DEF0A4CCA9C}"
EndProject
Project("{9A19103F-16F7-4668-BE54-9A1E7A4F7556}") = "NEWorld.macOS", "NEWorld.macOS\NEWorld.macOS.csproj", "{ADA151FA-FC7B-4D12-AE81-B3B698C3832A}"
EndProject
Project("{9A19103F-16F7-4668-BE54-9A1E7A4F7556}") = "Core", "Core\Core.csproj", "{6F2F0B2B-F1E3-4810-A530-3086B9EB4585}"
EndProject
Project("{9A19103F-16F7-4668-BE54-9A1E7A4F7556}") = "Game", "Game\Game.csproj", "{6A25A184-51D2-45DE-9272-5CCB8B3B1AB5}"
EndProject
Project("{9A19103F-16F7-4668-BE54-9A1E7A4F7556}") = "Main", "Main\Main.csproj", "{15BDBFD8-DAEA-4324-9B09-7AB531BFE5EF}"
EndProject
Project("{FAE04EC0-301F-11D3-BF4B-00C04F79EFBC}") = "NEWorldShell", "NEWorldShell\NEWorldShell.csproj", "{0C30B20E-EBC8-46E2-ADEF-F4FC23C59DF4}"
EndProject
Global
	GlobalSection(SolutionConfigurationPlatforms) = preSolution
		Debug|Any CPU = Debug|Any CPU
		Release|Any CPU = Release|Any CPU
	EndGlobalSection
	GlobalSection(ProjectConfigurationPlatforms) = postSolution
		{CA6797EE-FF9D-4760-A989-CA4E437B3644}.Debug|Any CPU.ActiveCfg = Debug|Any CPU
		{CA6797EE-FF9D-4760-A989-CA4E437B3644}.Debug|Any CPU.Build.0 = Debug|Any CPU
		{CA6797EE-FF9D-4760-A989-CA4E437B3644}.Release|Any CPU.ActiveCfg = Release|Any CPU
		{CA6797EE-FF9D-4760-A989-CA4E437B3644}.Release|Any CPU.Build.0 = Release|Any CPU
		{C3436076-873E-4278-90BC-821000AA1EA8}.Debug|Any CPU.ActiveCfg = Debug|Any CPU
		{C3436076-873E-4278-90BC-821000AA1EA8}.Debug|Any CPU.Build.0 = Debug|Any CPU
		{C3436076-873E-4278-90BC-821000AA1EA8}.Release|Any CPU.ActiveCfg = Release|Any CPU
		{C3436076-873E-4278-90BC-821000AA1EA8}.Release|Any CPU.Build.0 = Release|Any CPU
		{290FC8CD-1F58-43CB-882F-0DEF0A4CCA9C}.Debug|Any CPU.ActiveCfg = Debug|Any CPU
		{290FC8CD-1F58-43CB-882F-0DEF0A4CCA9C}.Debug|Any CPU.Build.0 = Debug|Any CPU
		{290FC8CD-1F58-43CB-882F-0DEF0A4CCA9C}.Release|Any CPU.ActiveCfg = Release|Any CPU
		{290FC8CD-1F58-43CB-882F-0DEF0A4CCA9C}.Release|Any CPU.Build.0 = Release|Any CPU
		{ADA151FA-FC7B-4D12-AE81-B3B698C3832A}.Debug|Any CPU.ActiveCfg = Debug|Any CPU
		{ADA151FA-FC7B-4D12-AE81-B3B698C3832A}.Debug|Any CPU.Build.0 = Debug|Any CPU
		{ADA151FA-FC7B-4D12-AE81-B3B698C3832A}.Release|Any CPU.ActiveCfg = Release|Any CPU
		{ADA151FA-FC7B-4D12-AE81-B3B698C3832A}.Release|Any CPU.Build.0 = Release|Any CPU
		{6F2F0B2B-F1E3-4810-A530-3086B9EB4585}.Debug|Any CPU.ActiveCfg = Debug|Any CPU
		{6F2F0B2B-F1E3-4810-A530-3086B9EB4585}.Debug|Any CPU.Build.0 = Debug|Any CPU
		{6F2F0B2B-F1E3-4810-A530-3086B9EB4585}.Release|Any CPU.ActiveCfg = Release|Any CPU
		{6F2F0B2B-F1E3-4810-A530-3086B9EB4585}.Release|Any CPU.Build.0 = Release|Any CPU
		{6A25A184-51D2-45DE-9272-5CCB8B3B1AB5}.Debug|Any CPU.ActiveCfg = Debug|Any CPU
		{6A25A184-51D2-45DE-9272-5CCB8B3B1AB5}.Debug|Any CPU.Build.0 = Debug|Any CPU
		{6A25A184-51D2-45DE-9272-5CCB8B3B1AB5}.Release|Any CPU.ActiveCfg = Release|Any CPU
		{6A25A184-51D2-45DE-9272-5CCB8B3B1AB5}.Release|Any CPU.Build.0 = Release|Any CPU
		{15BDBFD8-DAEA-4324-9B09-7AB531BFE5EF}.Debug|Any CPU.ActiveCfg = Debug|Any CPU
		{15BDBFD8-DAEA-4324-9B09-7AB531BFE5EF}.Debug|Any CPU.Build.0 = Debug|Any CPU
		{15BDBFD8-DAEA-4324-9B09-7AB531BFE5EF}.Release|Any CPU.ActiveCfg = Release|Any CPU
		{15BDBFD8-DAEA-4324-9B09-7AB531BFE5EF}.Release|Any CPU.Build.0 = Release|Any CPU
		{0C30B20E-EBC8-46E2-ADEF-F4FC23C59DF4}.Debug|Any CPU.ActiveCfg = Debug|Any CPU
		{0C30B20E-EBC8-46E2-ADEF-F4FC23C59DF4}.Debug|Any CPU.Build.0 = Debug|Any CPU
		{0C30B20E-EBC8-46E2-ADEF-F4FC23C59DF4}.Release|Any CPU.ActiveCfg = Release|Any CPU
		{0C30B20E-EBC8-46E2-ADEF-F4FC23C59DF4}.Release|Any CPU.Build.0 = Release|Any CPU
	EndGlobalSection
	GlobalSection(SolutionProperties) = preSolution
		HideSolutionNode = FALSE
	EndGlobalSection
	GlobalSection(ExtensibilityGlobals) = postSolution
		SolutionGuid = {DDC19D57-FA0C-4288-9B22-DE39BCCAC3D3}
	EndGlobalSection
EndGlobal
