
Microsoft Visual Studio Solution File, Format Version 12.00
# Visual Studio 15
VisualStudioVersion = 15.0.27703.2026
MinimumVisualStudioVersion = 10.0.40219.1
Project("{FAE04EC0-301F-11D3-BF4B-00C04F79EFBC}") = "Core", "Core\Core.csproj", "{ECB0E309-625F-4A24-926D-D1D23C1B7693}"
EndProject
Project("{2150E333-8FDC-42A3-9474-1A3956D46DE8}") = "Tests", "Tests", "{4D3FF31A-6811-4184-8A98-5728A60B8BA7}"
EndProject
Project("{FAE04EC0-301F-11D3-BF4B-00C04F79EFBC}") = "ServerTest", "ServerTest\ServerTest.csproj", "{BD9CE411-45EB-4B29-8E7B-5B65FC924E13}"
EndProject
Project("{FAE04EC0-301F-11D3-BF4B-00C04F79EFBC}") = "ClientTest", "ClientTest\ClientTest.csproj", "{6FE639C5-5CA3-41AC-A227-062AC38A41F8}"
EndProject
Project("{FAE04EC0-301F-11D3-BF4B-00C04F79EFBC}") = "Game", "Game\Game.csproj", "{F83C4945-ABFF-4856-94A3-D0D31C976A11}"
EndProject
Global
	GlobalSection(SolutionConfigurationPlatforms) = preSolution
		Debug|Any CPU = Debug|Any CPU
		Release|Any CPU = Release|Any CPU
	EndGlobalSection
	GlobalSection(ProjectConfigurationPlatforms) = postSolution
		{ECB0E309-625F-4A24-926D-D1D23C1B7693}.Debug|Any CPU.ActiveCfg = Debug|Any CPU
		{ECB0E309-625F-4A24-926D-D1D23C1B7693}.Debug|Any CPU.Build.0 = Debug|Any CPU
		{ECB0E309-625F-4A24-926D-D1D23C1B7693}.Release|Any CPU.ActiveCfg = Release|Any CPU
		{ECB0E309-625F-4A24-926D-D1D23C1B7693}.Release|Any CPU.Build.0 = Release|Any CPU
		{BD9CE411-45EB-4B29-8E7B-5B65FC924E13}.Debug|Any CPU.ActiveCfg = Debug|Any CPU
		{BD9CE411-45EB-4B29-8E7B-5B65FC924E13}.Debug|Any CPU.Build.0 = Debug|Any CPU
		{BD9CE411-45EB-4B29-8E7B-5B65FC924E13}.Release|Any CPU.ActiveCfg = Release|Any CPU
		{BD9CE411-45EB-4B29-8E7B-5B65FC924E13}.Release|Any CPU.Build.0 = Release|Any CPU
		{6FE639C5-5CA3-41AC-A227-062AC38A41F8}.Debug|Any CPU.ActiveCfg = Debug|Any CPU
		{6FE639C5-5CA3-41AC-A227-062AC38A41F8}.Debug|Any CPU.Build.0 = Debug|Any CPU
		{6FE639C5-5CA3-41AC-A227-062AC38A41F8}.Release|Any CPU.ActiveCfg = Release|Any CPU
		{6FE639C5-5CA3-41AC-A227-062AC38A41F8}.Release|Any CPU.Build.0 = Release|Any CPU
		{F83C4945-ABFF-4856-94A3-D0D31C976A11}.Debug|Any CPU.ActiveCfg = Debug|Any CPU
		{F83C4945-ABFF-4856-94A3-D0D31C976A11}.Debug|Any CPU.Build.0 = Debug|Any CPU
		{F83C4945-ABFF-4856-94A3-D0D31C976A11}.Release|Any CPU.ActiveCfg = Release|Any CPU
		{F83C4945-ABFF-4856-94A3-D0D31C976A11}.Release|Any CPU.Build.0 = Release|Any CPU
	EndGlobalSection
	GlobalSection(SolutionProperties) = preSolution
		HideSolutionNode = FALSE
	EndGlobalSection
	GlobalSection(NestedProjects) = preSolution
		{BD9CE411-45EB-4B29-8E7B-5B65FC924E13} = {4D3FF31A-6811-4184-8A98-5728A60B8BA7}
		{6FE639C5-5CA3-41AC-A227-062AC38A41F8} = {4D3FF31A-6811-4184-8A98-5728A60B8BA7}
	EndGlobalSection
	GlobalSection(ExtensibilityGlobals) = postSolution
		SolutionGuid = {E9811B2A-F42A-4203-A546-4F70CE4F2927}
	EndGlobalSection
EndGlobal
